
Microsoft Visual Studio Solution File, Format Version 12.00
# Visual Studio Version 17
VisualStudioVersion = 17.0.32112.339
MinimumVisualStudioVersion = 10.0.40219.1
Project("{FAE04EC0-301F-11D3-BF4B-00C04F79EFBC}") = "X_Forms.UWP", "X_Forms\X_Forms.UWP\X_Forms.UWP.csproj", "{11B3A2BD-45A0-4781-A899-2B9413E1798A}"
EndProject
Project("{FAE04EC0-301F-11D3-BF4B-00C04F79EFBC}") = "X_Forms.Android", "X_Forms\X_Forms.Android\X_Forms.Android.csproj", "{45BFD19C-B2B6-4844-82E1-50CE955AA731}"
EndProject
Project("{FAE04EC0-301F-11D3-BF4B-00C04F79EFBC}") = "X_Forms.iOS", "X_Forms\X_Forms.iOS\X_Forms.iOS.csproj", "{33600822-E01A-4D27-8B0F-3C0C60113DF1}"
EndProject
Project("{FAE04EC0-301F-11D3-BF4B-00C04F79EFBC}") = "X_Forms", "X_Forms\X_Forms\X_Forms.csproj", "{141BFC4D-6D32-4D53-A93A-BB2836199C73}"
EndProject
Global
	GlobalSection(SolutionConfigurationPlatforms) = preSolution
		Debug|Any CPU = Debug|Any CPU
		Debug|ARM = Debug|ARM
		Debug|iPhone = Debug|iPhone
		Debug|iPhoneSimulator = Debug|iPhoneSimulator
		Debug|x64 = Debug|x64
		Debug|x86 = Debug|x86
		Release|Any CPU = Release|Any CPU
		Release|ARM = Release|ARM
		Release|iPhone = Release|iPhone
		Release|iPhoneSimulator = Release|iPhoneSimulator
		Release|x64 = Release|x64
		Release|x86 = Release|x86
	EndGlobalSection
	GlobalSection(ProjectConfigurationPlatforms) = postSolution
		{11B3A2BD-45A0-4781-A899-2B9413E1798A}.Debug|Any CPU.ActiveCfg = Debug|x64
		{11B3A2BD-45A0-4781-A899-2B9413E1798A}.Debug|Any CPU.Build.0 = Debug|x64
		{11B3A2BD-45A0-4781-A899-2B9413E1798A}.Debug|Any CPU.Deploy.0 = Debug|x64
		{11B3A2BD-45A0-4781-A899-2B9413E1798A}.Debug|ARM.ActiveCfg = Debug|ARM
		{11B3A2BD-45A0-4781-A899-2B9413E1798A}.Debug|ARM.Build.0 = Debug|ARM
		{11B3A2BD-45A0-4781-A899-2B9413E1798A}.Debug|ARM.Deploy.0 = Debug|ARM
		{11B3A2BD-45A0-4781-A899-2B9413E1798A}.Debug|iPhone.ActiveCfg = Debug|x64
		{11B3A2BD-45A0-4781-A899-2B9413E1798A}.Debug|iPhone.Build.0 = Debug|x64
		{11B3A2BD-45A0-4781-A899-2B9413E1798A}.Debug|iPhone.Deploy.0 = Debug|x64
		{11B3A2BD-45A0-4781-A899-2B9413E1798A}.Debug|iPhoneSimulator.ActiveCfg = Debug|x64
		{11B3A2BD-45A0-4781-A899-2B9413E1798A}.Debug|iPhoneSimulator.Build.0 = Debug|x64
		{11B3A2BD-45A0-4781-A899-2B9413E1798A}.Debug|iPhoneSimulator.Deploy.0 = Debug|x64
		{11B3A2BD-45A0-4781-A899-2B9413E1798A}.Debug|x64.ActiveCfg = Debug|x64
		{11B3A2BD-45A0-4781-A899-2B9413E1798A}.Debug|x64.Build.0 = Debug|x64
		{11B3A2BD-45A0-4781-A899-2B9413E1798A}.Debug|x64.Deploy.0 = Debug|x64
		{11B3A2BD-45A0-4781-A899-2B9413E1798A}.Debug|x86.ActiveCfg = Debug|x86
		{11B3A2BD-45A0-4781-A899-2B9413E1798A}.Debug|x86.Build.0 = Debug|x86
		{11B3A2BD-45A0-4781-A899-2B9413E1798A}.Debug|x86.Deploy.0 = Debug|x86
		{11B3A2BD-45A0-4781-A899-2B9413E1798A}.Release|Any CPU.ActiveCfg = Release|x64
		{11B3A2BD-45A0-4781-A899-2B9413E1798A}.Release|Any CPU.Build.0 = Release|x64
		{11B3A2BD-45A0-4781-A899-2B9413E1798A}.Release|Any CPU.Deploy.0 = Release|x64
		{11B3A2BD-45A0-4781-A899-2B9413E1798A}.Release|ARM.ActiveCfg = Release|ARM
		{11B3A2BD-45A0-4781-A899-2B9413E1798A}.Release|ARM.Build.0 = Release|ARM
		{11B3A2BD-45A0-4781-A899-2B9413E1798A}.Release|ARM.Deploy.0 = Release|ARM
		{11B3A2BD-45A0-4781-A899-2B9413E1798A}.Release|iPhone.ActiveCfg = Release|x64
		{11B3A2BD-45A0-4781-A899-2B9413E1798A}.Release|iPhone.Build.0 = Release|x64
		{11B3A2BD-45A0-4781-A899-2B9413E1798A}.Release|iPhone.Deploy.0 = Release|x64
		{11B3A2BD-45A0-4781-A899-2B9413E1798A}.Release|iPhoneSimulator.ActiveCfg = Release|x64
		{11B3A2BD-45A0-4781-A899-2B9413E1798A}.Release|iPhoneSimulator.Build.0 = Release|x64
		{11B3A2BD-45A0-4781-A899-2B9413E1798A}.Release|iPhoneSimulator.Deploy.0 = Release|x64
		{11B3A2BD-45A0-4781-A899-2B9413E1798A}.Release|x64.ActiveCfg = Release|x64
		{11B3A2BD-45A0-4781-A899-2B9413E1798A}.Release|x64.Build.0 = Release|x64
		{11B3A2BD-45A0-4781-A899-2B9413E1798A}.Release|x64.Deploy.0 = Release|x64
		{11B3A2BD-45A0-4781-A899-2B9413E1798A}.Release|x86.ActiveCfg = Release|x86
		{11B3A2BD-45A0-4781-A899-2B9413E1798A}.Release|x86.Build.0 = Release|x86
		{11B3A2BD-45A0-4781-A899-2B9413E1798A}.Release|x86.Deploy.0 = Release|x86
		{45BFD19C-B2B6-4844-82E1-50CE955AA731}.Debug|Any CPU.ActiveCfg = Debug|Any CPU
		{45BFD19C-B2B6-4844-82E1-50CE955AA731}.Debug|Any CPU.Build.0 = Debug|Any CPU
		{45BFD19C-B2B6-4844-82E1-50CE955AA731}.Debug|Any CPU.Deploy.0 = Debug|Any CPU
		{45BFD19C-B2B6-4844-82E1-50CE955AA731}.Debug|ARM.ActiveCfg = Debug|Any CPU
		{45BFD19C-B2B6-4844-82E1-50CE955AA731}.Debug|ARM.Build.0 = Debug|Any CPU
		{45BFD19C-B2B6-4844-82E1-50CE955AA731}.Debug|ARM.Deploy.0 = Debug|Any CPU
		{45BFD19C-B2B6-4844-82E1-50CE955AA731}.Debug|iPhone.ActiveCfg = Debug|Any CPU
		{45BFD19C-B2B6-4844-82E1-50CE955AA731}.Debug|iPhone.Build.0 = Debug|Any CPU
		{45BFD19C-B2B6-4844-82E1-50CE955AA731}.Debug|iPhone.Deploy.0 = Debug|Any CPU
		{45BFD19C-B2B6-4844-82E1-50CE955AA731}.Debug|iPhoneSimulator.ActiveCfg = Debug|Any CPU
		{45BFD19C-B2B6-4844-82E1-50CE955AA731}.Debug|iPhoneSimulator.Build.0 = Debug|Any CPU
		{45BFD19C-B2B6-4844-82E1-50CE955AA731}.Debug|iPhoneSimulator.Deploy.0 = Debug|Any CPU
		{45BFD19C-B2B6-4844-82E1-50CE955AA731}.Debug|x64.ActiveCfg = Debug|Any CPU
		{45BFD19C-B2B6-4844-82E1-50CE955AA731}.Debug|x64.Build.0 = Debug|Any CPU
		{45BFD19C-B2B6-4844-82E1-50CE955AA731}.Debug|x64.Deploy.0 = Debug|Any CPU
		{45BFD19C-B2B6-4844-82E1-50CE955AA731}.Debug|x86.ActiveCfg = Debug|Any CPU
		{45BFD19C-B2B6-4844-82E1-50CE955AA731}.Debug|x86.Build.0 = Debug|Any CPU
		{45BFD19C-B2B6-4844-82E1-50CE955AA731}.Debug|x86.Deploy.0 = Debug|Any CPU
		{45BFD19C-B2B6-4844-82E1-50CE955AA731}.Release|Any CPU.ActiveCfg = Release|Any CPU
		{45BFD19C-B2B6-4844-82E1-50CE955AA731}.Release|Any CPU.Build.0 = Release|Any CPU
		{45BFD19C-B2B6-4844-82E1-50CE955AA731}.Release|Any CPU.Deploy.0 = Release|Any CPU
		{45BFD19C-B2B6-4844-82E1-50CE955AA731}.Release|ARM.ActiveCfg = Release|Any CPU
		{45BFD19C-B2B6-4844-82E1-50CE955AA731}.Release|ARM.Build.0 = Release|Any CPU
		{45BFD19C-B2B6-4844-82E1-50CE955AA731}.Release|ARM.Deploy.0 = Release|Any CPU
		{45BFD19C-B2B6-4844-82E1-50CE955AA731}.Release|iPhone.ActiveCfg = Release|Any CPU
		{45BFD19C-B2B6-4844-82E1-50CE955AA731}.Release|iPhone.Build.0 = Release|Any CPU
		{45BFD19C-B2B6-4844-82E1-50CE955AA731}.Release|iPhone.Deploy.0 = Release|Any CPU
		{45BFD19C-B2B6-4844-82E1-50CE955AA731}.Release|iPhoneSimulator.ActiveCfg = Release|Any CPU
		{45BFD19C-B2B6-4844-82E1-50CE955AA731}.Release|iPhoneSimulator.Build.0 = Release|Any CPU
		{45BFD19C-B2B6-4844-82E1-50CE955AA731}.Release|iPhoneSimulator.Deploy.0 = Release|Any CPU
		{45BFD19C-B2B6-4844-82E1-50CE955AA731}.Release|x64.ActiveCfg = Release|Any CPU
		{45BFD19C-B2B6-4844-82E1-50CE955AA731}.Release|x64.Build.0 = Release|Any CPU
		{45BFD19C-B2B6-4844-82E1-50CE955AA731}.Release|x64.Deploy.0 = Release|Any CPU
		{45BFD19C-B2B6-4844-82E1-50CE955AA731}.Release|x86.ActiveCfg = Release|Any CPU
		{45BFD19C-B2B6-4844-82E1-50CE955AA731}.Release|x86.Build.0 = Release|Any CPU
		{45BFD19C-B2B6-4844-82E1-50CE955AA731}.Release|x86.Deploy.0 = Release|Any CPU
		{33600822-E01A-4D27-8B0F-3C0C60113DF1}.Debug|Any CPU.ActiveCfg = Debug|iPhoneSimulator
		{33600822-E01A-4D27-8B0F-3C0C60113DF1}.Debug|Any CPU.Build.0 = Debug|iPhoneSimulator
		{33600822-E01A-4D27-8B0F-3C0C60113DF1}.Debug|Any CPU.Deploy.0 = Debug|iPhoneSimulator
		{33600822-E01A-4D27-8B0F-3C0C60113DF1}.Debug|ARM.ActiveCfg = Debug|iPhoneSimulator
		{33600822-E01A-4D27-8B0F-3C0C60113DF1}.Debug|ARM.Build.0 = Debug|iPhoneSimulator
		{33600822-E01A-4D27-8B0F-3C0C60113DF1}.Debug|ARM.Deploy.0 = Debug|iPhoneSimulator
		{33600822-E01A-4D27-8B0F-3C0C60113DF1}.Debug|iPhone.ActiveCfg = Debug|iPhone
		{33600822-E01A-4D27-8B0F-3C0C60113DF1}.Debug|iPhone.Build.0 = Debug|iPhone
		{33600822-E01A-4D27-8B0F-3C0C60113DF1}.Debug|iPhone.Deploy.0 = Debug|iPhone
		{33600822-E01A-4D27-8B0F-3C0C60113DF1}.Debug|iPhoneSimulator.ActiveCfg = Debug|iPhoneSimulator
		{33600822-E01A-4D27-8B0F-3C0C60113DF1}.Debug|iPhoneSimulator.Build.0 = Debug|iPhoneSimulator
		{33600822-E01A-4D27-8B0F-3C0C60113DF1}.Debug|iPhoneSimulator.Deploy.0 = Debug|iPhoneSimulator
		{33600822-E01A-4D27-8B0F-3C0C60113DF1}.Debug|x64.ActiveCfg = Debug|iPhone
		{33600822-E01A-4D27-8B0F-3C0C60113DF1}.Debug|x64.Build.0 = Debug|iPhone
		{33600822-E01A-4D27-8B0F-3C0C60113DF1}.Debug|x64.Deploy.0 = Debug|iPhone
		{33600822-E01A-4D27-8B0F-3C0C60113DF1}.Debug|x86.ActiveCfg = Debug|iPhoneSimulator
		{33600822-E01A-4D27-8B0F-3C0C60113DF1}.Debug|x86.Build.0 = Debug|iPhoneSimulator
		{33600822-E01A-4D27-8B0F-3C0C60113DF1}.Debug|x86.Deploy.0 = Debug|iPhoneSimulator
		{33600822-E01A-4D27-8B0F-3C0C60113DF1}.Release|Any CPU.ActiveCfg = Release|iPhoneSimulator
		{33600822-E01A-4D27-8B0F-3C0C60113DF1}.Release|Any CPU.Build.0 = Release|iPhoneSimulator
		{33600822-E01A-4D27-8B0F-3C0C60113DF1}.Release|Any CPU.Deploy.0 = Release|iPhoneSimulator
		{33600822-E01A-4D27-8B0F-3C0C60113DF1}.Release|ARM.ActiveCfg = Release|iPhoneSimulator
		{33600822-E01A-4D27-8B0F-3C0C60113DF1}.Release|ARM.Build.0 = Release|iPhoneSimulator
		{33600822-E01A-4D27-8B0F-3C0C60113DF1}.Release|ARM.Deploy.0 = Release|iPhoneSimulator
		{33600822-E01A-4D27-8B0F-3C0C60113DF1}.Release|iPhone.ActiveCfg = Release|iPhone
		{33600822-E01A-4D27-8B0F-3C0C60113DF1}.Release|iPhone.Build.0 = Release|iPhone
		{33600822-E01A-4D27-8B0F-3C0C60113DF1}.Release|iPhone.Deploy.0 = Release|iPhone
		{33600822-E01A-4D27-8B0F-3C0C60113DF1}.Release|iPhoneSimulator.ActiveCfg = Release|iPhoneSimulator
		{33600822-E01A-4D27-8B0F-3C0C60113DF1}.Release|iPhoneSimulator.Build.0 = Release|iPhoneSimulator
		{33600822-E01A-4D27-8B0F-3C0C60113DF1}.Release|iPhoneSimulator.Deploy.0 = Release|iPhoneSimulator
		{33600822-E01A-4D27-8B0F-3C0C60113DF1}.Release|x64.ActiveCfg = Release|iPhoneSimulator
		{33600822-E01A-4D27-8B0F-3C0C60113DF1}.Release|x64.Build.0 = Release|iPhoneSimulator
		{33600822-E01A-4D27-8B0F-3C0C60113DF1}.Release|x64.Deploy.0 = Release|iPhoneSimulator
		{33600822-E01A-4D27-8B0F-3C0C60113DF1}.Release|x86.ActiveCfg = Release|iPhoneSimulator
		{33600822-E01A-4D27-8B0F-3C0C60113DF1}.Release|x86.Build.0 = Release|iPhoneSimulator
		{33600822-E01A-4D27-8B0F-3C0C60113DF1}.Release|x86.Deploy.0 = Release|iPhoneSimulator
		{141BFC4D-6D32-4D53-A93A-BB2836199C73}.Debug|Any CPU.ActiveCfg = Debug|Any CPU
		{141BFC4D-6D32-4D53-A93A-BB2836199C73}.Debug|Any CPU.Build.0 = Debug|Any CPU
		{141BFC4D-6D32-4D53-A93A-BB2836199C73}.Debug|Any CPU.Deploy.0 = Debug|Any CPU
		{141BFC4D-6D32-4D53-A93A-BB2836199C73}.Debug|ARM.ActiveCfg = Debug|Any CPU
		{141BFC4D-6D32-4D53-A93A-BB2836199C73}.Debug|ARM.Build.0 = Debug|Any CPU
		{141BFC4D-6D32-4D53-A93A-BB2836199C73}.Debug|ARM.Deploy.0 = Debug|Any CPU
		{141BFC4D-6D32-4D53-A93A-BB2836199C73}.Debug|iPhone.ActiveCfg = Debug|Any CPU
		{141BFC4D-6D32-4D53-A93A-BB2836199C73}.Debug|iPhone.Build.0 = Debug|Any CPU
		{141BFC4D-6D32-4D53-A93A-BB2836199C73}.Debug|iPhone.Deploy.0 = Debug|Any CPU
		{141BFC4D-6D32-4D53-A93A-BB2836199C73}.Debug|iPhoneSimulator.ActiveCfg = Debug|Any CPU
		{141BFC4D-6D32-4D53-A93A-BB2836199C73}.Debug|iPhoneSimulator.Build.0 = Debug|Any CPU
		{141BFC4D-6D32-4D53-A93A-BB2836199C73}.Debug|iPhoneSimulator.Deploy.0 = Debug|Any CPU
		{141BFC4D-6D32-4D53-A93A-BB2836199C73}.Debug|x64.ActiveCfg = Debug|Any CPU
		{141BFC4D-6D32-4D53-A93A-BB2836199C73}.Debug|x64.Build.0 = Debug|Any CPU
		{141BFC4D-6D32-4D53-A93A-BB2836199C73}.Debug|x64.Deploy.0 = Debug|Any CPU
		{141BFC4D-6D32-4D53-A93A-BB2836199C73}.Debug|x86.ActiveCfg = Debug|Any CPU
		{141BFC4D-6D32-4D53-A93A-BB2836199C73}.Debug|x86.Build.0 = Debug|Any CPU
		{141BFC4D-6D32-4D53-A93A-BB2836199C73}.Debug|x86.Deploy.0 = Debug|Any CPU
		{141BFC4D-6D32-4D53-A93A-BB2836199C73}.Release|Any CPU.ActiveCfg = Release|Any CPU
		{141BFC4D-6D32-4D53-A93A-BB2836199C73}.Release|Any CPU.Build.0 = Release|Any CPU
		{141BFC4D-6D32-4D53-A93A-BB2836199C73}.Release|Any CPU.Deploy.0 = Release|Any CPU
		{141BFC4D-6D32-4D53-A93A-BB2836199C73}.Release|ARM.ActiveCfg = Release|Any CPU
		{141BFC4D-6D32-4D53-A93A-BB2836199C73}.Release|ARM.Build.0 = Release|Any CPU
		{141BFC4D-6D32-4D53-A93A-BB2836199C73}.Release|ARM.Deploy.0 = Release|Any CPU
		{141BFC4D-6D32-4D53-A93A-BB2836199C73}.Release|iPhone.ActiveCfg = Release|Any CPU
		{141BFC4D-6D32-4D53-A93A-BB2836199C73}.Release|iPhone.Build.0 = Release|Any CPU
		{141BFC4D-6D32-4D53-A93A-BB2836199C73}.Release|iPhone.Deploy.0 = Release|Any CPU
		{141BFC4D-6D32-4D53-A93A-BB2836199C73}.Release|iPhoneSimulator.ActiveCfg = Release|Any CPU
		{141BFC4D-6D32-4D53-A93A-BB2836199C73}.Release|iPhoneSimulator.Build.0 = Release|Any CPU
		{141BFC4D-6D32-4D53-A93A-BB2836199C73}.Release|iPhoneSimulator.Deploy.0 = Release|Any CPU
		{141BFC4D-6D32-4D53-A93A-BB2836199C73}.Release|x64.ActiveCfg = Release|Any CPU
		{141BFC4D-6D32-4D53-A93A-BB2836199C73}.Release|x64.Build.0 = Release|Any CPU
		{141BFC4D-6D32-4D53-A93A-BB2836199C73}.Release|x64.Deploy.0 = Release|Any CPU
		{141BFC4D-6D32-4D53-A93A-BB2836199C73}.Release|x86.ActiveCfg = Release|Any CPU
		{141BFC4D-6D32-4D53-A93A-BB2836199C73}.Release|x86.Build.0 = Release|Any CPU
		{141BFC4D-6D32-4D53-A93A-BB2836199C73}.Release|x86.Deploy.0 = Release|Any CPU
	EndGlobalSection
	GlobalSection(SolutionProperties) = preSolution
		HideSolutionNode = FALSE
	EndGlobalSection
	GlobalSection(ExtensibilityGlobals) = postSolution
		SolutionGuid = {3FDE0F89-A8E4-469C-B08E-C73F164EE839}
	EndGlobalSection
EndGlobal
